# THIS IS AN AUTOGENERATED FILE. DO NOT EDIT THIS FILE DIRECTLY.
# yarn lockfile v1


bs-platform@bsansouci/bsb-native#release:
  version "3.2.0"
  resolved "https://codeload.github.com/bsansouci/bsb-native/tar.gz/789f2055a5f3e2839f8c18836ac4f9cd6738aa70"
  dependencies:
    yauzl "^2.9.1"

buffer-crc32@~0.2.3:
  version "0.2.13"
  resolved "https://registry.yarnpkg.com/buffer-crc32/-/buffer-crc32-0.2.13.tgz#0d333e3f00eac50aa1454abd30ef8c2a5d9a7242"

fd-slicer@~1.1.0:
  version "1.1.0"
  resolved "https://registry.yarnpkg.com/fd-slicer/-/fd-slicer-1.1.0.tgz#25c7c89cb1f9077f8891bbe61d8f390eae256f1e"
  dependencies:
    pend "~1.2.0"

pend@~1.2.0:
  version "1.2.0"
  resolved "https://registry.yarnpkg.com/pend/-/pend-1.2.0.tgz#7a57eb550a6783f9115331fcf4663d5c8e007a50"

yauzl@^2.9.1:
  version "2.9.2"
  resolved "https://registry.yarnpkg.com/yauzl/-/yauzl-2.9.2.tgz#4fb1bc7ae1fc2f57037b54af6acc8fe1031c5b77"
  dependencies:
    buffer-crc32 "~0.2.3"
    fd-slicer "~1.1.0"
